
Microsoft Visual Studio Solution File, Format Version 12.00
# Visual Studio 2013
VisualStudioVersion = 12.0.21005.1
MinimumVisualStudioVersion = 10.0.40219.1
Project("{8BC9CEB8-8B4A-11D0-8D11-00A0C91BC942}") = "Task1", "Task1\Task1.vcxproj", "{2653FC00-9659-46D1-8074-7DAAEC964B6E}"
EndProject
Project("{8BC9CEB8-8B4A-11D0-8D11-00A0C91BC942}") = "Task1Test", "Task1Test\Task1Test.vcxproj", "{554F1278-A6D0-4457-BCD6-FEB6CD6E54E6}"
EndProject
Global
	GlobalSection(SolutionConfigurationPlatforms) = preSolution
		Debug|Win32 = Debug|Win32
		Release|Win32 = Release|Win32
	EndGlobalSection
	GlobalSection(ProjectConfigurationPlatforms) = postSolution
		{2653FC00-9659-46D1-8074-7DAAEC964B6E}.Debug|Win32.ActiveCfg = Debug|Win32
		{2653FC00-9659-46D1-8074-7DAAEC964B6E}.Debug|Win32.Build.0 = Debug|Win32
		{2653FC00-9659-46D1-8074-7DAAEC964B6E}.Release|Win32.ActiveCfg = Release|Win32
		{2653FC00-9659-46D1-8074-7DAAEC964B6E}.Release|Win32.Build.0 = Release|Win32
		{554F1278-A6D0-4457-BCD6-FEB6CD6E54E6}.Debug|Win32.ActiveCfg = Debug|Win32
		{554F1278-A6D0-4457-BCD6-FEB6CD6E54E6}.Debug|Win32.Build.0 = Debug|Win32
		{554F1278-A6D0-4457-BCD6-FEB6CD6E54E6}.Release|Win32.ActiveCfg = Release|Win32
		{554F1278-A6D0-4457-BCD6-FEB6CD6E54E6}.Release|Win32.Build.0 = Release|Win32
	EndGlobalSection
	GlobalSection(SolutionProperties) = preSolution
		HideSolutionNode = FALSE
	EndGlobalSection
EndGlobal
